
Microsoft Visual Studio Solution File, Format Version 12.00
Project("{FAE04EC0-301F-11D3-BF4B-00C04F79EFBC}") = "MyApp", "MyApp.csproj", "{B860F7DA-2A58-4529-9C79-8ABA2E58DED4}"
EndProject
Global
	GlobalSection(SolutionConfigurationPlatforms) = preSolution
		Debug|Any CPU = Debug|Any CPU
		Release|Any CPU = Release|Any CPU
	EndGlobalSection
	GlobalSection(ProjectConfigurationPlatforms) = postSolution
		{B860F7DA-2A58-4529-9C79-8ABA2E58DED4}.Debug|Any CPU.ActiveCfg = Debug|Any CPU
		{B860F7DA-2A58-4529-9C79-8ABA2E58DED4}.Debug|Any CPU.Build.0 = Debug|Any CPU
		{B860F7DA-2A58-4529-9C79-8ABA2E58DED4}.Release|Any CPU.ActiveCfg = Release|Any CPU
		{B860F7DA-2A58-4529-9C79-8ABA2E58DED4}.Release|Any CPU.Build.0 = Release|Any CPU
	EndGlobalSection
EndGlobal
